
Microsoft Visual Studio Solution File, Format Version 12.00
# Visual Studio Version 16
VisualStudioVersion = 16.0.31229.75
MinimumVisualStudioVersion = 10.0.40219.1
Project("{9A19103F-16F7-4668-BE54-9A1E7A4F7556}") = "CalcJuros.Queries", "..\..\..\..\..\Multilog\Cesar.Siqueria.CalcJuros\CalcJuros.Queries\CalcJuros.Queries.csproj", "{20A59544-4E58-4CBF-8FD6-004EE0DE5137}"
EndProject
Project("{9A19103F-16F7-4668-BE54-9A1E7A4F7556}") = "CalcJuros.Services.Api", "..\..\..\..\..\Multilog\Cesar.Siqueria.CalcJuros\CalcJuros.Services.Api\CalcJuros.Services.Api.csproj", "{F5C362D0-2D4A-4651-8142-52C28CD9BF99}"
EndProject
Project("{9A19103F-16F7-4668-BE54-9A1E7A4F7556}") = "CalcJuros.Unit.Tests", "..\..\..\..\..\Multilog\Cesar.Siqueria.CalcJuros\CalcJuros.Unit.Tests\CalcJuros.Unit.Tests.csproj", "{3C19C608-C7DA-4038-8856-61C01734B012}"
EndProject
Project("{2150E333-8FDC-42A3-9474-1A3956D46DE8}") = "Testes", "Testes", "{64350553-7162-45C8-A1FB-343C6D823A3A}"
EndProject
Global
	GlobalSection(SolutionConfigurationPlatforms) = preSolution
		Debug|Any CPU = Debug|Any CPU
		Release|Any CPU = Release|Any CPU
	EndGlobalSection
	GlobalSection(ProjectConfigurationPlatforms) = postSolution
		{20A59544-4E58-4CBF-8FD6-004EE0DE5137}.Debug|Any CPU.ActiveCfg = Debug|Any CPU
		{20A59544-4E58-4CBF-8FD6-004EE0DE5137}.Debug|Any CPU.Build.0 = Debug|Any CPU
		{20A59544-4E58-4CBF-8FD6-004EE0DE5137}.Release|Any CPU.ActiveCfg = Release|Any CPU
		{20A59544-4E58-4CBF-8FD6-004EE0DE5137}.Release|Any CPU.Build.0 = Release|Any CPU
		{F5C362D0-2D4A-4651-8142-52C28CD9BF99}.Debug|Any CPU.ActiveCfg = Debug|Any CPU
		{F5C362D0-2D4A-4651-8142-52C28CD9BF99}.Debug|Any CPU.Build.0 = Debug|Any CPU
		{F5C362D0-2D4A-4651-8142-52C28CD9BF99}.Release|Any CPU.ActiveCfg = Release|Any CPU
		{F5C362D0-2D4A-4651-8142-52C28CD9BF99}.Release|Any CPU.Build.0 = Release|Any CPU
		{3C19C608-C7DA-4038-8856-61C01734B012}.Debug|Any CPU.ActiveCfg = Debug|Any CPU
		{3C19C608-C7DA-4038-8856-61C01734B012}.Debug|Any CPU.Build.0 = Debug|Any CPU
		{3C19C608-C7DA-4038-8856-61C01734B012}.Release|Any CPU.ActiveCfg = Release|Any CPU
		{3C19C608-C7DA-4038-8856-61C01734B012}.Release|Any CPU.Build.0 = Release|Any CPU
	EndGlobalSection
	GlobalSection(SolutionProperties) = preSolution
		HideSolutionNode = FALSE
	EndGlobalSection
	GlobalSection(NestedProjects) = preSolution
		{3C19C608-C7DA-4038-8856-61C01734B012} = {64350553-7162-45C8-A1FB-343C6D823A3A}
	EndGlobalSection
	GlobalSection(ExtensibilityGlobals) = postSolution
		SolutionGuid = {541F44D8-4062-4E38-9E94-DC72D407A25C}
	EndGlobalSection
EndGlobal
