
Microsoft Visual Studio Solution File, Format Version 12.00
# Visual Studio Version 16
VisualStudioVersion = 16.0.31229.75
MinimumVisualStudioVersion = 10.0.40219.1
Project("{9A19103F-16F7-4668-BE54-9A1E7A4F7556}") = "CalcJuros.Queries", "CalcJuros.Queries.csproj", "{F8DDE8AD-138F-4889-BF4D-88A6558B6BCE}"
EndProject
Global
	GlobalSection(SolutionConfigurationPlatforms) = preSolution
		Debug|Any CPU = Debug|Any CPU
		Release|Any CPU = Release|Any CPU
	EndGlobalSection
	GlobalSection(ProjectConfigurationPlatforms) = postSolution
		{F8DDE8AD-138F-4889-BF4D-88A6558B6BCE}.Debug|Any CPU.ActiveCfg = Debug|Any CPU
		{F8DDE8AD-138F-4889-BF4D-88A6558B6BCE}.Debug|Any CPU.Build.0 = Debug|Any CPU
		{F8DDE8AD-138F-4889-BF4D-88A6558B6BCE}.Release|Any CPU.ActiveCfg = Release|Any CPU
		{F8DDE8AD-138F-4889-BF4D-88A6558B6BCE}.Release|Any CPU.Build.0 = Release|Any CPU
	EndGlobalSection
	GlobalSection(SolutionProperties) = preSolution
		HideSolutionNode = FALSE
	EndGlobalSection
	GlobalSection(ExtensibilityGlobals) = postSolution
		SolutionGuid = {8EAB4B65-F128-4301-9148-29F2BC0FB369}
	EndGlobalSection
EndGlobal
